
Microsoft Visual Studio Solution File, Format Version 12.00
Project("{FAE04EC0-301F-11D3-BF4B-00C04F79EFBC}") = "BYDPlatform.Http.Host", "BYDPlatform.Http.Host\BYDPlatform.Http.Host.csproj", "{37D37554-B9F8-445B-9EAA-036287C5DFEE}"
EndProject
Project("{FAE04EC0-301F-11D3-BF4B-00C04F79EFBC}") = "BYDPlatform.Http.Api", "BYDPlatform.Http.Api\BYDPlatform.Http.Api.csproj", "{005AEC5D-173C-4326-99BB-3040A32A9B75}"
EndProject
Project("{FAE04EC0-301F-11D3-BF4B-00C04F79EFBC}") = "BYDPlatform.EntityFrameworkCore", "BYDPlatform.EntityFrameworkCore\BYDPlatform.EntityFrameworkCore.csproj", "{34CE0572-FD6F-460B-B120-5EAAEC42482D}"
EndProject
Project("{FAE04EC0-301F-11D3-BF4B-00C04F79EFBC}") = "BYDPlatform.Domain.Shared", "BYDPlatform.Domain.Shared\BYDPlatform.Domain.Shared.csproj", "{31C06D32-5DB7-4D2F-A254-9E90FBB868B2}"
EndProject
Project("{FAE04EC0-301F-11D3-BF4B-00C04F79EFBC}") = "BYDPlatform.Domain", "BYDPlatform.Domain\BYDPlatform.Domain.csproj", "{3E71A7D7-51F5-4AA8-A3C2-0DCA88D104C0}"
EndProject
Project("{FAE04EC0-301F-11D3-BF4B-00C04F79EFBC}") = "BYDPlatform.Application.Contracts", "BYDPlatform.Application.Contracts\BYDPlatform.Application.Contracts.csproj", "{7E1C2C91-C195-4D10-AFDF-F79FD792DEF3}"
EndProject
Project("{FAE04EC0-301F-11D3-BF4B-00C04F79EFBC}") = "BYDPlatform.Application", "BYDPlatform.Application\BYDPlatform.Application.csproj", "{22941B63-5977-43D1-B5D5-2AC6BA236E0A}"
EndProject
Global
	GlobalSection(SolutionConfigurationPlatforms) = preSolution
		Debug|Any CPU = Debug|Any CPU
		Release|Any CPU = Release|Any CPU
	EndGlobalSection
	GlobalSection(ProjectConfigurationPlatforms) = postSolution
		{37D37554-B9F8-445B-9EAA-036287C5DFEE}.Debug|Any CPU.ActiveCfg = Debug|Any CPU
		{37D37554-B9F8-445B-9EAA-036287C5DFEE}.Debug|Any CPU.Build.0 = Debug|Any CPU
		{37D37554-B9F8-445B-9EAA-036287C5DFEE}.Release|Any CPU.ActiveCfg = Release|Any CPU
		{37D37554-B9F8-445B-9EAA-036287C5DFEE}.Release|Any CPU.Build.0 = Release|Any CPU
		{005AEC5D-173C-4326-99BB-3040A32A9B75}.Debug|Any CPU.ActiveCfg = Debug|Any CPU
		{005AEC5D-173C-4326-99BB-3040A32A9B75}.Debug|Any CPU.Build.0 = Debug|Any CPU
		{005AEC5D-173C-4326-99BB-3040A32A9B75}.Release|Any CPU.ActiveCfg = Release|Any CPU
		{005AEC5D-173C-4326-99BB-3040A32A9B75}.Release|Any CPU.Build.0 = Release|Any CPU
		{34CE0572-FD6F-460B-B120-5EAAEC42482D}.Debug|Any CPU.ActiveCfg = Debug|Any CPU
		{34CE0572-FD6F-460B-B120-5EAAEC42482D}.Debug|Any CPU.Build.0 = Debug|Any CPU
		{34CE0572-FD6F-460B-B120-5EAAEC42482D}.Release|Any CPU.ActiveCfg = Release|Any CPU
		{34CE0572-FD6F-460B-B120-5EAAEC42482D}.Release|Any CPU.Build.0 = Release|Any CPU
		{31C06D32-5DB7-4D2F-A254-9E90FBB868B2}.Debug|Any CPU.ActiveCfg = Debug|Any CPU
		{31C06D32-5DB7-4D2F-A254-9E90FBB868B2}.Debug|Any CPU.Build.0 = Debug|Any CPU
		{31C06D32-5DB7-4D2F-A254-9E90FBB868B2}.Release|Any CPU.ActiveCfg = Release|Any CPU
		{31C06D32-5DB7-4D2F-A254-9E90FBB868B2}.Release|Any CPU.Build.0 = Release|Any CPU
		{3E71A7D7-51F5-4AA8-A3C2-0DCA88D104C0}.Debug|Any CPU.ActiveCfg = Debug|Any CPU
		{3E71A7D7-51F5-4AA8-A3C2-0DCA88D104C0}.Debug|Any CPU.Build.0 = Debug|Any CPU
		{3E71A7D7-51F5-4AA8-A3C2-0DCA88D104C0}.Release|Any CPU.ActiveCfg = Release|Any CPU
		{3E71A7D7-51F5-4AA8-A3C2-0DCA88D104C0}.Release|Any CPU.Build.0 = Release|Any CPU
		{7E1C2C91-C195-4D10-AFDF-F79FD792DEF3}.Debug|Any CPU.ActiveCfg = Debug|Any CPU
		{7E1C2C91-C195-4D10-AFDF-F79FD792DEF3}.Debug|Any CPU.Build.0 = Debug|Any CPU
		{7E1C2C91-C195-4D10-AFDF-F79FD792DEF3}.Release|Any CPU.ActiveCfg = Release|Any CPU
		{7E1C2C91-C195-4D10-AFDF-F79FD792DEF3}.Release|Any CPU.Build.0 = Release|Any CPU
		{22941B63-5977-43D1-B5D5-2AC6BA236E0A}.Debug|Any CPU.ActiveCfg = Debug|Any CPU
		{22941B63-5977-43D1-B5D5-2AC6BA236E0A}.Debug|Any CPU.Build.0 = Debug|Any CPU
		{22941B63-5977-43D1-B5D5-2AC6BA236E0A}.Release|Any CPU.ActiveCfg = Release|Any CPU
		{22941B63-5977-43D1-B5D5-2AC6BA236E0A}.Release|Any CPU.Build.0 = Release|Any CPU
	EndGlobalSection
EndGlobal
